
Microsoft Visual Studio Solution File, Format Version 12.00
# Visual Studio Version 16
VisualStudioVersion = 16.0.30114.105
MinimumVisualStudioVersion = 10.0.40219.1
Project("{FAE04EC0-301F-11D3-BF4B-00C04F79EFBC}") = "PRSProjekatJun2020", "PRSProjekatJun2020\PRSProjekatJun2020.csproj", "{8813CA74-6026-4674-9280-0CBE396508DC}"
EndProject
Global
	GlobalSection(SolutionConfigurationPlatforms) = preSolution
		Debug|Any CPU = Debug|Any CPU
		Release|Any CPU = Release|Any CPU
	EndGlobalSection
	GlobalSection(ProjectConfigurationPlatforms) = postSolution
		{8813CA74-6026-4674-9280-0CBE396508DC}.Debug|Any CPU.ActiveCfg = Debug|Any CPU
		{8813CA74-6026-4674-9280-0CBE396508DC}.Debug|Any CPU.Build.0 = Debug|Any CPU
		{8813CA74-6026-4674-9280-0CBE396508DC}.Release|Any CPU.ActiveCfg = Release|Any CPU
		{8813CA74-6026-4674-9280-0CBE396508DC}.Release|Any CPU.Build.0 = Release|Any CPU
	EndGlobalSection
	GlobalSection(SolutionProperties) = preSolution
		HideSolutionNode = FALSE
	EndGlobalSection
	GlobalSection(ExtensibilityGlobals) = postSolution
		SolutionGuid = {28774F50-3A68-49C0-868D-CC521625303E}
	EndGlobalSection
EndGlobal
